// !$*UTF8*$!
{
	archiveVersion = 1;
	classes = {
	};
	objectVersion = 60;
	objects = {

/* Begin PBXBuildFile section */
		210739F82C2FD27200DA7A83 /* ImmersiveView.swift in Sources */ = {isa = PBXBuildFile; fileRef = 210739F72C2FD27200DA7A83 /* ImmersiveView.swift */; };
		210739FC2C2FDEAB00DA7A83 /* model_s.usdz in Resources */ = {isa = PBXBuildFile; fileRef = 210739FB2C2FDEAB00DA7A83 /* model_s.usdz */; };
		21073A002C2FE45400DA7A83 /* Room.usdz in Resources */ = {isa = PBXBuildFile; fileRef = 210739FF2C2FE45400DA7A83 /* Room.usdz */; };
		21073A022C2FF19700DA7A83 /* WelcomeView.swift in Sources */ = {isa = PBXBuildFile; fileRef = 21073A012C2FF19700DA7A83 /* WelcomeView.swift */; };
		21EA6AEC2C2FA0B2005C7738 /* HomeP_XR_MiniApp.swift in Sources */ = {isa = PBXBuildFile; fileRef = 21EA6AEB2C2FA0B2005C7738 /* HomeP_XR_MiniApp.swift */; };
		21EA6AEE2C2FA0B2005C7738 /* ContentView.swift in Sources */ = {isa = PBXBuildFile; fileRef = 21EA6AED2C2FA0B2005C7738 /* ContentView.swift */; };
		21EA6AF02C2FA0B3005C7738 /* Assets.xcassets in Resources */ = {isa = PBXBuildFile; fileRef = 21EA6AEF2C2FA0B3005C7738 /* Assets.xcassets */; };
		21EA6AF32C2FA0B3005C7738 /* Preview Assets.xcassets in Resources */ = {isa = PBXBuildFile; fileRef = 21EA6AF22C2FA0B3005C7738 /* Preview Assets.xcassets */; };
		21EA6B042C2FA0F4005C7738 /* HomeP_XR_Mini_VisionApp.swift in Sources */ = {isa = PBXBuildFile; fileRef = 21EA6B032C2FA0F4005C7738 /* HomeP_XR_Mini_VisionApp.swift */; };
		21EA6B062C2FA0F4005C7738 /* ContentView.swift in Sources */ = {isa = PBXBuildFile; fileRef = 21EA6B052C2FA0F4005C7738 /* ContentView.swift */; };
		21EA6B082C2FA0F6005C7738 /* Assets.xcassets in Resources */ = {isa = PBXBuildFile; fileRef = 21EA6B072C2FA0F6005C7738 /* Assets.xcassets */; };
		21EA6B0B2C2FA0F6005C7738 /* Preview Assets.xcassets in Resources */ = {isa = PBXBuildFile; fileRef = 21EA6B0A2C2FA0F6005C7738 /* Preview Assets.xcassets */; };
		25FECAAD2C2FE42C0020ECB2 /* ImagePickerView.swift in Sources */ = {isa = PBXBuildFile; fileRef = 250364032C2FC97C00FA795B /* ImagePickerView.swift */; };
		25FECAAE2C2FE4370020ECB2 /* ImagePickerViewModel.swift in Sources */ = {isa = PBXBuildFile; fileRef = 250364052C2FC9B900FA795B /* ImagePickerViewModel.swift */; };
		25FECAAF2C2FE43D0020ECB2 /* ImagePickerRepository.swift in Sources */ = {isa = PBXBuildFile; fileRef = 250363FE2C2FC48C00FA795B /* ImagePickerRepository.swift */; };
		25FECAB02C2FE4430020ECB2 /* ImageAsset.swift in Sources */ = {isa = PBXBuildFile; fileRef = 250363FC2C2FC33100FA795B /* ImageAsset.swift */; };
		25FECAB12C2FE4480020ECB2 /* PhotoService.swift in Sources */ = {isa = PBXBuildFile; fileRef = 250363F82C2FC20A00FA795B /* PhotoService.swift */; };
		25FECAB22C2FE44E0020ECB2 /* AlbumInfo.swift in Sources */ = {isa = PBXBuildFile; fileRef = 250363FA2C2FC23400FA795B /* AlbumInfo.swift */; };
		A57A8B8B2C2FE632000F7394 /* CalendarEventListView.swift in Sources */ = {isa = PBXBuildFile; fileRef = A57A8B8A2C2FE632000F7394 /* CalendarEventListView.swift */; };
		A57A8B8D2C2FE637000F7394 /* CalendarEventListViewModel.swift in Sources */ = {isa = PBXBuildFile; fileRef = A57A8B8C2C2FE637000F7394 /* CalendarEventListViewModel.swift */; };
/* End PBXBuildFile section */

/* Begin PBXFileReference section */
		210739F72C2FD27200DA7A83 /* ImmersiveView.swift */ = {isa = PBXFileReference; lastKnownFileType = sourcecode.swift; path = ImmersiveView.swift; sourceTree = "<group>"; };
		210739FB2C2FDEAB00DA7A83 /* model_s.usdz */ = {isa = PBXFileReference; lastKnownFileType = file; path = model_s.usdz; sourceTree = "<group>"; };
		210739FF2C2FE45400DA7A83 /* Room.usdz */ = {isa = PBXFileReference; lastKnownFileType = file; path = Room.usdz; sourceTree = "<group>"; };
		21073A012C2FF19700DA7A83 /* WelcomeView.swift */ = {isa = PBXFileReference; lastKnownFileType = sourcecode.swift; path = WelcomeView.swift; sourceTree = "<group>"; };
		21EA6AE82C2FA0B2005C7738 /* HomeP_XR_Mini.app */ = {isa = PBXFileReference; explicitFileType = wrapper.application; includeInIndex = 0; path = HomeP_XR_Mini.app; sourceTree = BUILT_PRODUCTS_DIR; };
		21EA6AEB2C2FA0B2005C7738 /* HomeP_XR_MiniApp.swift */ = {isa = PBXFileReference; lastKnownFileType = sourcecode.swift; path = HomeP_XR_MiniApp.swift; sourceTree = "<group>"; };
		21EA6AED2C2FA0B2005C7738 /* ContentView.swift */ = {isa = PBXFileReference; lastKnownFileType = sourcecode.swift; path = ContentView.swift; sourceTree = "<group>"; };
		21EA6AEF2C2FA0B3005C7738 /* Assets.xcassets */ = {isa = PBXFileReference; lastKnownFileType = folder.assetcatalog; path = Assets.xcassets; sourceTree = "<group>"; };
		21EA6AF22C2FA0B3005C7738 /* Preview Assets.xcassets */ = {isa = PBXFileReference; lastKnownFileType = folder.assetcatalog; path = "Preview Assets.xcassets"; sourceTree = "<group>"; };
		21EA6AFD2C2FA0F4005C7738 /* HomeP_XR_Mini_Vision.app */ = {isa = PBXFileReference; explicitFileType = wrapper.application; includeInIndex = 0; path = HomeP_XR_Mini_Vision.app; sourceTree = BUILT_PRODUCTS_DIR; };
		21EA6B002C2FA0F4005C7738 /* RealityKitContent */ = {isa = PBXFileReference; lastKnownFileType = wrapper; path = RealityKitContent; sourceTree = "<group>"; };
		21EA6B032C2FA0F4005C7738 /* HomeP_XR_Mini_VisionApp.swift */ = {isa = PBXFileReference; lastKnownFileType = sourcecode.swift; path = HomeP_XR_Mini_VisionApp.swift; sourceTree = "<group>"; };
		21EA6B052C2FA0F4005C7738 /* ContentView.swift */ = {isa = PBXFileReference; lastKnownFileType = sourcecode.swift; path = ContentView.swift; sourceTree = "<group>"; };
		21EA6B072C2FA0F6005C7738 /* Assets.xcassets */ = {isa = PBXFileReference; lastKnownFileType = folder.assetcatalog; path = Assets.xcassets; sourceTree = "<group>"; };
		21EA6B0A2C2FA0F6005C7738 /* Preview Assets.xcassets */ = {isa = PBXFileReference; lastKnownFileType = folder.assetcatalog; path = "Preview Assets.xcassets"; sourceTree = "<group>"; };
		21EA6B0C2C2FA0F6005C7738 /* Info.plist */ = {isa = PBXFileReference; lastKnownFileType = text.plist.xml; path = Info.plist; sourceTree = "<group>"; };
		250363F82C2FC20A00FA795B /* PhotoService.swift */ = {isa = PBXFileReference; lastKnownFileType = sourcecode.swift; path = PhotoService.swift; sourceTree = "<group>"; };
		250363FA2C2FC23400FA795B /* AlbumInfo.swift */ = {isa = PBXFileReference; lastKnownFileType = sourcecode.swift; path = AlbumInfo.swift; sourceTree = "<group>"; };
		250363FC2C2FC33100FA795B /* ImageAsset.swift */ = {isa = PBXFileReference; lastKnownFileType = sourcecode.swift; path = ImageAsset.swift; sourceTree = "<group>"; };
		250363FE2C2FC48C00FA795B /* ImagePickerRepository.swift */ = {isa = PBXFileReference; lastKnownFileType = sourcecode.swift; path = ImagePickerRepository.swift; sourceTree = "<group>"; };
		250364032C2FC97C00FA795B /* ImagePickerView.swift */ = {isa = PBXFileReference; lastKnownFileType = sourcecode.swift; path = ImagePickerView.swift; sourceTree = "<group>"; };
		250364052C2FC9B900FA795B /* ImagePickerViewModel.swift */ = {isa = PBXFileReference; lastKnownFileType = sourcecode.swift; path = ImagePickerViewModel.swift; sourceTree = "<group>"; };
		A57A8B8A2C2FE632000F7394 /* CalendarEventListView.swift */ = {isa = PBXFileReference; lastKnownFileType = sourcecode.swift; path = CalendarEventListView.swift; sourceTree = "<group>"; };
		A57A8B8C2C2FE637000F7394 /* CalendarEventListViewModel.swift */ = {isa = PBXFileReference; lastKnownFileType = sourcecode.swift; path = CalendarEventListViewModel.swift; sourceTree = "<group>"; };
/* End PBXFileReference section */

/* Begin PBXFrameworksBuildPhase section */
		21EA6AE52C2FA0B2005C7738 /* Frameworks */ = {
			isa = PBXFrameworksBuildPhase;
			buildActionMask = 2147483647;
			files = (
			);
			runOnlyForDeploymentPostprocessing = 0;
		};
		21EA6AFA2C2FA0F4005C7738 /* Frameworks */ = {
			isa = PBXFrameworksBuildPhase;
			buildActionMask = 2147483647;
			files = (
			);
			runOnlyForDeploymentPostprocessing = 0;
		};
/* End PBXFrameworksBuildPhase section */

/* Begin PBXGroup section */
		21EA6ADF2C2FA0B2005C7738 = {
			isa = PBXGroup;
			children = (
				21EA6AEA2C2FA0B2005C7738 /* HomeP_XR_Mini */,
				21EA6AFE2C2FA0F4005C7738 /* HomeP_XR_Mini_Vision */,
				21EA6AFF2C2FA0F4005C7738 /* Packages */,
				21EA6AE92C2FA0B2005C7738 /* Products */,
			);
			sourceTree = "<group>";
		};
		21EA6AE92C2FA0B2005C7738 /* Products */ = {
			isa = PBXGroup;
			children = (
				21EA6AE82C2FA0B2005C7738 /* HomeP_XR_Mini.app */,
				21EA6AFD2C2FA0F4005C7738 /* HomeP_XR_Mini_Vision.app */,
			);
			name = Products;
			sourceTree = "<group>";
		};
		21EA6AEA2C2FA0B2005C7738 /* HomeP_XR_Mini */ = {
			isa = PBXGroup;
			children = (
				21EA6AEB2C2FA0B2005C7738 /* HomeP_XR_MiniApp.swift */,
				21EA6AED2C2FA0B2005C7738 /* ContentView.swift */,
				21EA6AEF2C2FA0B3005C7738 /* Assets.xcassets */,
				21EA6AF12C2FA0B3005C7738 /* Preview Content */,
			);
			path = HomeP_XR_Mini;
			sourceTree = "<group>";
		};
		21EA6AF12C2FA0B3005C7738 /* Preview Content */ = {
			isa = PBXGroup;
			children = (
				21EA6AF22C2FA0B3005C7738 /* Preview Assets.xcassets */,
			);
			path = "Preview Content";
			sourceTree = "<group>";
		};
		21EA6AFE2C2FA0F4005C7738 /* HomeP_XR_Mini_Vision */ = {
			isa = PBXGroup;
			children = (
				A57A8B872C2FE61F000F7394 /* CalendarView */,
				250364002C2FC96400FA795B /* ImagePickerView */,
				256CB0662C2FBB4D00D6A14D /* PhotoService */,
				21EA6B032C2FA0F4005C7738 /* HomeP_XR_Mini_VisionApp.swift */,
				21073A012C2FF19700DA7A83 /* WelcomeView.swift */,
				21EA6B052C2FA0F4005C7738 /* ContentView.swift */,
				210739F72C2FD27200DA7A83 /* ImmersiveView.swift */,
				21EA6B072C2FA0F6005C7738 /* Assets.xcassets */,
				210739FF2C2FE45400DA7A83 /* Room.usdz */,
				210739FB2C2FDEAB00DA7A83 /* model_s.usdz */,
				21EA6B0C2C2FA0F6005C7738 /* Info.plist */,
				21EA6B092C2FA0F6005C7738 /* Preview Content */,
			);
			path = HomeP_XR_Mini_Vision;
			sourceTree = "<group>";
		};
		21EA6AFF2C2FA0F4005C7738 /* Packages */ = {
			isa = PBXGroup;
			children = (
				21EA6B002C2FA0F4005C7738 /* RealityKitContent */,
			);
			path = Packages;
			sourceTree = "<group>";
		};
		21EA6B092C2FA0F6005C7738 /* Preview Content */ = {
			isa = PBXGroup;
			children = (
				21EA6B0A2C2FA0F6005C7738 /* Preview Assets.xcassets */,
			);
			path = "Preview Content";
			sourceTree = "<group>";
		};
		250364002C2FC96400FA795B /* ImagePickerView */ = {
			isa = PBXGroup;
			children = (
				250364022C2FC97500FA795B /* View */,
				250364012C2FC96F00FA795B /* ViewModel */,
			);
			path = ImagePickerView;
			sourceTree = "<group>";
		};
		250364012C2FC96F00FA795B /* ViewModel */ = {
			isa = PBXGroup;
			children = (
				250364052C2FC9B900FA795B /* ImagePickerViewModel.swift */,
			);
			path = ViewModel;
			sourceTree = "<group>";
		};
		250364022C2FC97500FA795B /* View */ = {
			isa = PBXGroup;
			children = (
				250364032C2FC97C00FA795B /* ImagePickerView.swift */,
			);
			path = View;
			sourceTree = "<group>";
		};
		256CB0662C2FBB4D00D6A14D /* PhotoService */ = {
			isa = PBXGroup;
			children = (
				250363FE2C2FC48C00FA795B /* ImagePickerRepository.swift */,
				250363FC2C2FC33100FA795B /* ImageAsset.swift */,
				250363F82C2FC20A00FA795B /* PhotoService.swift */,
				250363FA2C2FC23400FA795B /* AlbumInfo.swift */,
			);
			path = PhotoService;
			sourceTree = "<group>";
		};
		A57A8B872C2FE61F000F7394 /* CalendarView */ = {
			isa = PBXGroup;
			children = (
				A57A8B892C2FE62C000F7394 /* Model */,
				A57A8B882C2FE628000F7394 /* View */,
			);
			path = CalendarView;
			sourceTree = "<group>";
		};
		A57A8B882C2FE628000F7394 /* View */ = {
			isa = PBXGroup;
			children = (
				A57A8B8A2C2FE632000F7394 /* CalendarEventListView.swift */,
			);
			path = View;
			sourceTree = "<group>";
		};
		A57A8B892C2FE62C000F7394 /* Model */ = {
			isa = PBXGroup;
			children = (
				A57A8B8C2C2FE637000F7394 /* CalendarEventListViewModel.swift */,
			);
			path = Model;
			sourceTree = "<group>";
		};
/* End PBXGroup section */

/* Begin PBXNativeTarget section */
		21EA6AE72C2FA0B2005C7738 /* HomeP_XR_Mini */ = {
			isa = PBXNativeTarget;
			buildConfigurationList = 21EA6AF62C2FA0B3005C7738 /* Build configuration list for PBXNativeTarget "HomeP_XR_Mini" */;
			buildPhases = (
				21EA6AE42C2FA0B2005C7738 /* Sources */,
				21EA6AE52C2FA0B2005C7738 /* Frameworks */,
				21EA6AE62C2FA0B2005C7738 /* Resources */,
			);
			buildRules = (
			);
			dependencies = (
			);
			name = HomeP_XR_Mini;
			productName = HomeP_XR_Mini;
			productReference = 21EA6AE82C2FA0B2005C7738 /* HomeP_XR_Mini.app */;
			productType = "com.apple.product-type.application";
		};
		21EA6AFC2C2FA0F4005C7738 /* HomeP_XR_Mini_Vision */ = {
			isa = PBXNativeTarget;
			buildConfigurationList = 21EA6B0D2C2FA0F6005C7738 /* Build configuration list for PBXNativeTarget "HomeP_XR_Mini_Vision" */;
			buildPhases = (
				21EA6AF92C2FA0F4005C7738 /* Sources */,
				21EA6AFA2C2FA0F4005C7738 /* Frameworks */,
				21EA6AFB2C2FA0F4005C7738 /* Resources */,
			);
			buildRules = (
			);
			dependencies = (
			);
			name = HomeP_XR_Mini_Vision;
			packageProductDependencies = (
			);
			productName = HomeP_XR_Mini_Vision;
			productReference = 21EA6AFD2C2FA0F4005C7738 /* HomeP_XR_Mini_Vision.app */;
			productType = "com.apple.product-type.application";
		};
/* End PBXNativeTarget section */

/* Begin PBXProject section */
		21EA6AE02C2FA0B2005C7738 /* Project object */ = {
			isa = PBXProject;
			attributes = {
				BuildIndependentTargetsInParallel = 1;
				LastSwiftUpdateCheck = 1600;
				LastUpgradeCheck = 1600;
				TargetAttributes = {
					21EA6AE72C2FA0B2005C7738 = {
						CreatedOnToolsVersion = 16.0;
					};
					21EA6AFC2C2FA0F4005C7738 = {
						CreatedOnToolsVersion = 16.0;
					};
				};
			};
			buildConfigurationList = 21EA6AE32C2FA0B2005C7738 /* Build configuration list for PBXProject "HomeP_XR_Mini" */;
			compatibilityVersion = "Xcode 15.0";
			developmentRegion = en;
			hasScannedForEncodings = 0;
			knownRegions = (
				en,
				Base,
			);
			mainGroup = 21EA6ADF2C2FA0B2005C7738;
			productRefGroup = 21EA6AE92C2FA0B2005C7738 /* Products */;
			projectDirPath = "";
			projectRoot = "";
			targets = (
				21EA6AE72C2FA0B2005C7738 /* HomeP_XR_Mini */,
				21EA6AFC2C2FA0F4005C7738 /* HomeP_XR_Mini_Vision */,
			);
		};
/* End PBXProject section */

/* Begin PBXResourcesBuildPhase section */
		21EA6AE62C2FA0B2005C7738 /* Resources */ = {
			isa = PBXResourcesBuildPhase;
			buildActionMask = 2147483647;
			files = (
				21EA6AF32C2FA0B3005C7738 /* Preview Assets.xcassets in Resources */,
				21EA6AF02C2FA0B3005C7738 /* Assets.xcassets in Resources */,
			);
			runOnlyForDeploymentPostprocessing = 0;
		};
		21EA6AFB2C2FA0F4005C7738 /* Resources */ = {
			isa = PBXResourcesBuildPhase;
			buildActionMask = 2147483647;
			files = (
				21EA6B0B2C2FA0F6005C7738 /* Preview Assets.xcassets in Resources */,
				21EA6B082C2FA0F6005C7738 /* Assets.xcassets in Resources */,
				210739FC2C2FDEAB00DA7A83 /* model_s.usdz in Resources */,
				21073A002C2FE45400DA7A83 /* Room.usdz in Resources */,
			);
			runOnlyForDeploymentPostprocessing = 0;
		};
/* End PBXResourcesBuildPhase section */

/* Begin PBXSourcesBuildPhase section */
		21EA6AE42C2FA0B2005C7738 /* Sources */ = {
			isa = PBXSourcesBuildPhase;
			buildActionMask = 2147483647;
			files = (
				21EA6AEE2C2FA0B2005C7738 /* ContentView.swift in Sources */,
				21EA6AEC2C2FA0B2005C7738 /* HomeP_XR_MiniApp.swift in Sources */,
			);
			runOnlyForDeploymentPostprocessing = 0;
		};
		21EA6AF92C2FA0F4005C7738 /* Sources */ = {
			isa = PBXSourcesBuildPhase;
			buildActionMask = 2147483647;
			files = (
				25FECAB22C2FE44E0020ECB2 /* AlbumInfo.swift in Sources */,
				25FECAB12C2FE4480020ECB2 /* PhotoService.swift in Sources */,
				25FECAB02C2FE4430020ECB2 /* ImageAsset.swift in Sources */,
				25FECAAD2C2FE42C0020ECB2 /* ImagePickerView.swift in Sources */,
				A57A8B8D2C2FE637000F7394 /* CalendarEventListViewModel.swift in Sources */,
				25FECAAE2C2FE4370020ECB2 /* ImagePickerViewModel.swift in Sources */,
				21EA6B062C2FA0F4005C7738 /* ContentView.swift in Sources */,
				21073A022C2FF19700DA7A83 /* WelcomeView.swift in Sources */,
				21EA6B042C2FA0F4005C7738 /* HomeP_XR_Mini_VisionApp.swift in Sources */,
				A57A8B8B2C2FE632000F7394 /* CalendarEventListView.swift in Sources */,
				210739F82C2FD27200DA7A83 /* ImmersiveView.swift in Sources */,
				25FECAAF2C2FE43D0020ECB2 /* ImagePickerRepository.swift in Sources */,
			);
			runOnlyForDeploymentPostprocessing = 0;
		};
/* End PBXSourcesBuildPhase section */

/* Begin XCBuildConfiguration section */
		21EA6AF42C2FA0B3005C7738 /* Debug */ = {
			isa = XCBuildConfiguration;
			buildSettings = {
				ALWAYS_SEARCH_USER_PATHS = NO;
				ASSETCATALOG_COMPILER_GENERATE_SWIFT_ASSET_SYMBOL_EXTENSIONS = YES;
				CLANG_ANALYZER_NONNULL = YES;
				CLANG_ANALYZER_NUMBER_OBJECT_CONVERSION = YES_AGGRESSIVE;
				CLANG_CXX_LANGUAGE_STANDARD = "gnu++20";
				CLANG_ENABLE_MODULES = YES;
				CLANG_ENABLE_OBJC_ARC = YES;
				CLANG_ENABLE_OBJC_WEAK = YES;
				CLANG_WARN_BLOCK_CAPTURE_AUTORELEASING = YES;
				CLANG_WARN_BOOL_CONVERSION = YES;
				CLANG_WARN_COMMA = YES;
				CLANG_WARN_CONSTANT_CONVERSION = YES;
				CLANG_WARN_DEPRECATED_OBJC_IMPLEMENTATIONS = YES;
				CLANG_WARN_DIRECT_OBJC_ISA_USAGE = YES_ERROR;
				CLANG_WARN_DOCUMENTATION_COMMENTS = YES;
				CLANG_WARN_EMPTY_BODY = YES;
				CLANG_WARN_ENUM_CONVERSION = YES;
				CLANG_WARN_INFINITE_RECURSION = YES;
				CLANG_WARN_INT_CONVERSION = YES;
				CLANG_WARN_NON_LITERAL_NULL_CONVERSION = YES;
				CLANG_WARN_OBJC_IMPLICIT_RETAIN_SELF = YES;
				CLANG_WARN_OBJC_LITERAL_CONVERSION = YES;
				CLANG_WARN_OBJC_ROOT_CLASS = YES_ERROR;
				CLANG_WARN_QUOTED_INCLUDE_IN_FRAMEWORK_HEADER = YES;
				CLANG_WARN_RANGE_LOOP_ANALYSIS = YES;
				CLANG_WARN_STRICT_PROTOTYPES = YES;
				CLANG_WARN_SUSPICIOUS_MOVE = YES;
				CLANG_WARN_UNGUARDED_AVAILABILITY = YES_AGGRESSIVE;
				CLANG_WARN_UNREACHABLE_CODE = YES;
				CLANG_WARN__DUPLICATE_METHOD_MATCH = YES;
				COPY_PHASE_STRIP = NO;
				DEBUG_INFORMATION_FORMAT = dwarf;
				ENABLE_STRICT_OBJC_MSGSEND = YES;
				ENABLE_TESTABILITY = YES;
				ENABLE_USER_SCRIPT_SANDBOXING = YES;
				GCC_C_LANGUAGE_STANDARD = gnu17;
				GCC_DYNAMIC_NO_PIC = NO;
				GCC_NO_COMMON_BLOCKS = YES;
				GCC_OPTIMIZATION_LEVEL = 0;
				GCC_PREPROCESSOR_DEFINITIONS = (
					"DEBUG=1",
					"$(inherited)",
				);
				GCC_WARN_64_TO_32_BIT_CONVERSION = YES;
				GCC_WARN_ABOUT_RETURN_TYPE = YES_ERROR;
				GCC_WARN_UNDECLARED_SELECTOR = YES;
				GCC_WARN_UNINITIALIZED_AUTOS = YES_AGGRESSIVE;
				GCC_WARN_UNUSED_FUNCTION = YES;
				GCC_WARN_UNUSED_VARIABLE = YES;
				IPHONEOS_DEPLOYMENT_TARGET = 18.0;
				LOCALIZATION_PREFERS_STRING_CATALOGS = YES;
				MTL_ENABLE_DEBUG_INFO = INCLUDE_SOURCE;
				MTL_FAST_MATH = YES;
				ONLY_ACTIVE_ARCH = YES;
				SDKROOT = iphoneos;
				SWIFT_ACTIVE_COMPILATION_CONDITIONS = "DEBUG $(inherited)";
				SWIFT_OPTIMIZATION_LEVEL = "-Onone";
			};
			name = Debug;
		};
		21EA6AF52C2FA0B3005C7738 /* Release */ = {
			isa = XCBuildConfiguration;
			buildSettings = {
				ALWAYS_SEARCH_USER_PATHS = NO;
				ASSETCATALOG_COMPILER_GENERATE_SWIFT_ASSET_SYMBOL_EXTENSIONS = YES;
				CLANG_ANALYZER_NONNULL = YES;
				CLANG_ANALYZER_NUMBER_OBJECT_CONVERSION = YES_AGGRESSIVE;
				CLANG_CXX_LANGUAGE_STANDARD = "gnu++20";
				CLANG_ENABLE_MODULES = YES;
				CLANG_ENABLE_OBJC_ARC = YES;
				CLANG_ENABLE_OBJC_WEAK = YES;
				CLANG_WARN_BLOCK_CAPTURE_AUTORELEASING = YES;
				CLANG_WARN_BOOL_CONVERSION = YES;
				CLANG_WARN_COMMA = YES;
				CLANG_WARN_CONSTANT_CONVERSION = YES;
				CLANG_WARN_DEPRECATED_OBJC_IMPLEMENTATIONS = YES;
				CLANG_WARN_DIRECT_OBJC_ISA_USAGE = YES_ERROR;
				CLANG_WARN_DOCUMENTATION_COMMENTS = YES;
				CLANG_WARN_EMPTY_BODY = YES;
				CLANG_WARN_ENUM_CONVERSION = YES;
				CLANG_WARN_INFINITE_RECURSION = YES;
				CLANG_WARN_INT_CONVERSION = YES;
				CLANG_WARN_NON_LITERAL_NULL_CONVERSION = YES;
				CLANG_WARN_OBJC_IMPLICIT_RETAIN_SELF = YES;
				CLANG_WARN_OBJC_LITERAL_CONVERSION = YES;
				CLANG_WARN_OBJC_ROOT_CLASS = YES_ERROR;
				CLANG_WARN_QUOTED_INCLUDE_IN_FRAMEWORK_HEADER = YES;
				CLANG_WARN_RANGE_LOOP_ANALYSIS = YES;
				CLANG_WARN_STRICT_PROTOTYPES = YES;
				CLANG_WARN_SUSPICIOUS_MOVE = YES;
				CLANG_WARN_UNGUARDED_AVAILABILITY = YES_AGGRESSIVE;
				CLANG_WARN_UNREACHABLE_CODE = YES;
				CLANG_WARN__DUPLICATE_METHOD_MATCH = YES;
				COPY_PHASE_STRIP = NO;
				DEBUG_INFORMATION_FORMAT = "dwarf-with-dsym";
				ENABLE_NS_ASSERTIONS = NO;
				ENABLE_STRICT_OBJC_MSGSEND = YES;
				ENABLE_USER_SCRIPT_SANDBOXING = YES;
				GCC_C_LANGUAGE_STANDARD = gnu17;
				GCC_NO_COMMON_BLOCKS = YES;
				GCC_WARN_64_TO_32_BIT_CONVERSION = YES;
				GCC_WARN_ABOUT_RETURN_TYPE = YES_ERROR;
				GCC_WARN_UNDECLARED_SELECTOR = YES;
				GCC_WARN_UNINITIALIZED_AUTOS = YES_AGGRESSIVE;
				GCC_WARN_UNUSED_FUNCTION = YES;
				GCC_WARN_UNUSED_VARIABLE = YES;
				IPHONEOS_DEPLOYMENT_TARGET = 18.0;
				LOCALIZATION_PREFERS_STRING_CATALOGS = YES;
				MTL_ENABLE_DEBUG_INFO = NO;
				MTL_FAST_MATH = YES;
				SDKROOT = iphoneos;
				SWIFT_COMPILATION_MODE = wholemodule;
				VALIDATE_PRODUCT = YES;
			};
			name = Release;
		};
		21EA6AF72C2FA0B3005C7738 /* Debug */ = {
			isa = XCBuildConfiguration;
			buildSettings = {
				ASSETCATALOG_COMPILER_APPICON_NAME = AppIcon;
				ASSETCATALOG_COMPILER_GLOBAL_ACCENT_COLOR_NAME = AccentColor;
				CODE_SIGN_STYLE = Automatic;
				CURRENT_PROJECT_VERSION = 1;
				DEVELOPMENT_ASSET_PATHS = "\"HomeP_XR_Mini/Preview Content\"";
				DEVELOPMENT_TEAM = 2MQRAJ9FWM;
				ENABLE_PREVIEWS = YES;
				GENERATE_INFOPLIST_FILE = YES;
				INFOPLIST_KEY_UIApplicationSceneManifest_Generation = YES;
				INFOPLIST_KEY_UIApplicationSupportsIndirectInputEvents = YES;
				INFOPLIST_KEY_UILaunchScreen_Generation = YES;
				INFOPLIST_KEY_UISupportedInterfaceOrientations_iPad = "UIInterfaceOrientationPortrait UIInterfaceOrientationPortraitUpsideDown UIInterfaceOrientationLandscapeLeft UIInterfaceOrientationLandscapeRight";
				INFOPLIST_KEY_UISupportedInterfaceOrientations_iPhone = "UIInterfaceOrientationPortrait UIInterfaceOrientationLandscapeLeft UIInterfaceOrientationLandscapeRight";
				LD_RUNPATH_SEARCH_PATHS = (
					"$(inherited)",
					"@executable_path/Frameworks",
				);
				MARKETING_VERSION = 1.0;
				PRODUCT_BUNDLE_IDENTIFIER = "com.gbmksquare.HomeP-XR-Mini";
				PRODUCT_NAME = "$(TARGET_NAME)";
				SWIFT_EMIT_LOC_STRINGS = YES;
				SWIFT_VERSION = 5.0;
				TARGETED_DEVICE_FAMILY = "1,2";
			};
			name = Debug;
		};
		21EA6AF82C2FA0B3005C7738 /* Release */ = {
			isa = XCBuildConfiguration;
			buildSettings = {
				ASSETCATALOG_COMPILER_APPICON_NAME = AppIcon;
				ASSETCATALOG_COMPILER_GLOBAL_ACCENT_COLOR_NAME = AccentColor;
				CODE_SIGN_STYLE = Automatic;
				CURRENT_PROJECT_VERSION = 1;
				DEVELOPMENT_ASSET_PATHS = "\"HomeP_XR_Mini/Preview Content\"";
				DEVELOPMENT_TEAM = 2MQRAJ9FWM;
				ENABLE_PREVIEWS = YES;
				GENERATE_INFOPLIST_FILE = YES;
				INFOPLIST_KEY_UIApplicationSceneManifest_Generation = YES;
				INFOPLIST_KEY_UIApplicationSupportsIndirectInputEvents = YES;
				INFOPLIST_KEY_UILaunchScreen_Generation = YES;
				INFOPLIST_KEY_UISupportedInterfaceOrientations_iPad = "UIInterfaceOrientationPortrait UIInterfaceOrientationPortraitUpsideDown UIInterfaceOrientationLandscapeLeft UIInterfaceOrientationLandscapeRight";
				INFOPLIST_KEY_UISupportedInterfaceOrientations_iPhone = "UIInterfaceOrientationPortrait UIInterfaceOrientationLandscapeLeft UIInterfaceOrientationLandscapeRight";
				LD_RUNPATH_SEARCH_PATHS = (
					"$(inherited)",
					"@executable_path/Frameworks",
				);
				MARKETING_VERSION = 1.0;
				PRODUCT_BUNDLE_IDENTIFIER = "com.gbmksquare.HomeP-XR-Mini";
				PRODUCT_NAME = "$(TARGET_NAME)";
				SWIFT_EMIT_LOC_STRINGS = YES;
				SWIFT_VERSION = 5.0;
				TARGETED_DEVICE_FAMILY = "1,2";
			};
			name = Release;
		};
		21EA6B0E2C2FA0F6005C7738 /* Debug */ = {
			isa = XCBuildConfiguration;
			buildSettings = {
				ASSETCATALOG_COMPILER_APPICON_NAME = AppIcon;
				ASSETCATALOG_COMPILER_GLOBAL_ACCENT_COLOR_NAME = AccentColor;
				CODE_SIGN_STYLE = Automatic;
				CURRENT_PROJECT_VERSION = 1;
				DEVELOPMENT_ASSET_PATHS = "\"HomeP_XR_Mini_Vision/Preview Content\"";
				DEVELOPMENT_TEAM = 3ZTVE7CS5L;
				ENABLE_PREVIEWS = YES;
				GENERATE_INFOPLIST_FILE = YES;
				INFOPLIST_FILE = "$(TARGET_NAME)/Info.plist";
				LD_RUNPATH_SEARCH_PATHS = (
					"$(inherited)",
					"@executable_path/Frameworks",
				);
				MARKETING_VERSION = 1.0;
				PRODUCT_BUNDLE_IDENTIFIER = "com.gbmksquare.HomeP-XR-Mini-Vision";
				PRODUCT_NAME = "$(TARGET_NAME)";
				SDKROOT = xros;
				SUPPORTED_PLATFORMS = "xros xrsimulator";
				SWIFT_EMIT_LOC_STRINGS = YES;
				SWIFT_VERSION = 5.0;
				TARGETED_DEVICE_FAMILY = 7;
				XROS_DEPLOYMENT_TARGET = 2.0;
			};
			name = Debug;
		};
		21EA6B0F2C2FA0F6005C7738 /* Release */ = {
			isa = XCBuildConfiguration;
			buildSettings = {
				ASSETCATALOG_COMPILER_APPICON_NAME = AppIcon;
				ASSETCATALOG_COMPILER_GLOBAL_ACCENT_COLOR_NAME = AccentColor;
				CODE_SIGN_STYLE = Automatic;
				CURRENT_PROJECT_VERSION = 1;
				DEVELOPMENT_ASSET_PATHS = "\"HomeP_XR_Mini_Vision/Preview Content\"";
				DEVELOPMENT_TEAM = 3ZTVE7CS5L;
				ENABLE_PREVIEWS = YES;
				GENERATE_INFOPLIST_FILE = YES;
				INFOPLIST_FILE = "$(TARGET_NAME)/Info.plist";
				LD_RUNPATH_SEARCH_PATHS = (
					"$(inherited)",
					"@executable_path/Frameworks",
				);
				MARKETING_VERSION = 1.0;
				PRODUCT_BUNDLE_IDENTIFIER = "com.gbmksquare.HomeP-XR-Mini-Vision";
				PRODUCT_NAME = "$(TARGET_NAME)";
				SDKROOT = xros;
				SUPPORTED_PLATFORMS = "xros xrsimulator";
				SWIFT_EMIT_LOC_STRINGS = YES;
				SWIFT_VERSION = 5.0;
				TARGETED_DEVICE_FAMILY = 7;
				XROS_DEPLOYMENT_TARGET = 2.0;
			};
			name = Release;
		};
/* End XCBuildConfiguration section */

/* Begin XCConfigurationList section */
		21EA6AE32C2FA0B2005C7738 /* Build configuration list for PBXProject "HomeP_XR_Mini" */ = {
			isa = XCConfigurationList;
			buildConfigurations = (
				21EA6AF42C2FA0B3005C7738 /* Debug */,
				21EA6AF52C2FA0B3005C7738 /* Release */,
			);
			defaultConfigurationIsVisible = 0;
			defaultConfigurationName = Release;
		};
		21EA6AF62C2FA0B3005C7738 /* Build configuration list for PBXNativeTarget "HomeP_XR_Mini" */ = {
			isa = XCConfigurationList;
			buildConfigurations = (
				21EA6AF72C2FA0B3005C7738 /* Debug */,
				21EA6AF82C2FA0B3005C7738 /* Release */,
			);
			defaultConfigurationIsVisible = 0;
			defaultConfigurationName = Release;
		};
		21EA6B0D2C2FA0F6005C7738 /* Build configuration list for PBXNativeTarget "HomeP_XR_Mini_Vision" */ = {
			isa = XCConfigurationList;
			buildConfigurations = (
				21EA6B0E2C2FA0F6005C7738 /* Debug */,
				21EA6B0F2C2FA0F6005C7738 /* Release */,
			);
			defaultConfigurationIsVisible = 0;
			defaultConfigurationName = Release;
		};
/* End XCConfigurationList section */
	};
	rootObject = 21EA6AE02C2FA0B2005C7738 /* Project object */;
}
